// !$*UTF8*$!
{
	archiveVersion = 1;
	classes = {
	};
	objectVersion = 56;
	objects = {

/* Begin PBXBuildFile section */
		49EABB672A122DE700D266CF /* GenericCombineNetworkRequestApp.swift in Sources */ = {isa = PBXBuildFile; fileRef = 49EABB662A122DE700D266CF /* GenericCombineNetworkRequestApp.swift */; };
		49EABB692A122DE700D266CF /* ContentView.swift in Sources */ = {isa = PBXBuildFile; fileRef = 49EABB682A122DE700D266CF /* ContentView.swift */; };
		49EABB6B2A122DE900D266CF /* Assets.xcassets in Resources */ = {isa = PBXBuildFile; fileRef = 49EABB6A2A122DE900D266CF /* Assets.xcassets */; };
		49EABB6F2A122DE900D266CF /* Preview Assets.xcassets in Resources */ = {isa = PBXBuildFile; fileRef = 49EABB6E2A122DE900D266CF /* Preview Assets.xcassets */; };
		49EABB792A122DE900D266CF /* GenericCombineNetworkRequestTests.swift in Sources */ = {isa = PBXBuildFile; fileRef = 49EABB782A122DE900D266CF /* GenericCombineNetworkRequestTests.swift */; };
		49EABB832A122DE900D266CF /* GenericCombineNetworkRequestUITests.swift in Sources */ = {isa = PBXBuildFile; fileRef = 49EABB822A122DE900D266CF /* GenericCombineNetworkRequestUITests.swift */; };
		49EABB852A122DEA00D266CF /* GenericCombineNetworkRequestUITestsLaunchTests.swift in Sources */ = {isa = PBXBuildFile; fileRef = 49EABB842A122DEA00D266CF /* GenericCombineNetworkRequestUITestsLaunchTests.swift */; };
/* End PBXBuildFile section */

/* Begin PBXContainerItemProxy section */
		49EABB752A122DE900D266CF /* PBXContainerItemProxy */ = {
			isa = PBXContainerItemProxy;
			containerPortal = 49EABB5B2A122DE700D266CF /* Project object */;
			proxyType = 1;
			remoteGlobalIDString = 49EABB622A122DE700D266CF;
			remoteInfo = GenericCombineNetworkRequest;
		};
		49EABB7F2A122DE900D266CF /* PBXContainerItemProxy */ = {
			isa = PBXContainerItemProxy;
			containerPortal = 49EABB5B2A122DE700D266CF /* Project object */;
			proxyType = 1;
			remoteGlobalIDString = 49EABB622A122DE700D266CF;
			remoteInfo = GenericCombineNetworkRequest;
		};
/* End PBXContainerItemProxy section */

/* Begin PBXFileReference section */
		49EABB632A122DE700D266CF /* GenericCombineNetworkRequest.app */ = {isa = PBXFileReference; explicitFileType = wrapper.application; includeInIndex = 0; path = GenericCombineNetworkRequest.app; sourceTree = BUILT_PRODUCTS_DIR; };
		49EABB662A122DE700D266CF /* GenericCombineNetworkRequestApp.swift */ = {isa = PBXFileReference; lastKnownFileType = sourcecode.swift; path = GenericCombineNetworkRequestApp.swift; sourceTree = "<group>"; };
		49EABB682A122DE700D266CF /* ContentView.swift */ = {isa = PBXFileReference; lastKnownFileType = sourcecode.swift; path = ContentView.swift; sourceTree = "<group>"; };
		49EABB6A2A122DE900D266CF /* Assets.xcassets */ = {isa = PBXFileReference; lastKnownFileType = folder.assetcatalog; path = Assets.xcassets; sourceTree = "<group>"; };
		49EABB6C2A122DE900D266CF /* GenericCombineNetworkRequest.entitlements */ = {isa = PBXFileReference; lastKnownFileType = text.plist.entitlements; path = GenericCombineNetworkRequest.entitlements; sourceTree = "<group>"; };
		49EABB6E2A122DE900D266CF /* Preview Assets.xcassets */ = {isa = PBXFileReference; lastKnownFileType = folder.assetcatalog; path = "Preview Assets.xcassets"; sourceTree = "<group>"; };
		49EABB742A122DE900D266CF /* GenericCombineNetworkRequestTests.xctest */ = {isa = PBXFileReference; explicitFileType = wrapper.cfbundle; includeInIndex = 0; path = GenericCombineNetworkRequestTests.xctest; sourceTree = BUILT_PRODUCTS_DIR; };
		49EABB782A122DE900D266CF /* GenericCombineNetworkRequestTests.swift */ = {isa = PBXFileReference; lastKnownFileType = sourcecode.swift; path = GenericCombineNetworkRequestTests.swift; sourceTree = "<group>"; };
		49EABB7E2A122DE900D266CF /* GenericCombineNetworkRequestUITests.xctest */ = {isa = PBXFileReference; explicitFileType = wrapper.cfbundle; includeInIndex = 0; path = GenericCombineNetworkRequestUITests.xctest; sourceTree = BUILT_PRODUCTS_DIR; };
		49EABB822A122DE900D266CF /* GenericCombineNetworkRequestUITests.swift */ = {isa = PBXFileReference; lastKnownFileType = sourcecode.swift; path = GenericCombineNetworkRequestUITests.swift; sourceTree = "<group>"; };
		49EABB842A122DEA00D266CF /* GenericCombineNetworkRequestUITestsLaunchTests.swift */ = {isa = PBXFileReference; lastKnownFileType = sourcecode.swift; path = GenericCombineNetworkRequestUITestsLaunchTests.swift; sourceTree = "<group>"; };
/* End PBXFileReference section */

/* Begin PBXFrameworksBuildPhase section */
		49EABB602A122DE700D266CF /* Frameworks */ = {
			isa = PBXFrameworksBuildPhase;
			buildActionMask = 2147483647;
			files = (
			);
			runOnlyForDeploymentPostprocessing = 0;
		};
		49EABB712A122DE900D266CF /* Frameworks */ = {
			isa = PBXFrameworksBuildPhase;
			buildActionMask = 2147483647;
			files = (
			);
			runOnlyForDeploymentPostprocessing = 0;
		};
		49EABB7B2A122DE900D266CF /* Frameworks */ = {
			isa = PBXFrameworksBuildPhase;
			buildActionMask = 2147483647;
			files = (
			);
			runOnlyForDeploymentPostprocessing = 0;
		};
/* End PBXFrameworksBuildPhase section */

/* Begin PBXGroup section */
		49EABB5A2A122DE700D266CF = {
			isa = PBXGroup;
			children = (
				49EABB652A122DE700D266CF /* GenericCombineNetworkRequest */,
				49EABB772A122DE900D266CF /* GenericCombineNetworkRequestTests */,
				49EABB812A122DE900D266CF /* GenericCombineNetworkRequestUITests */,
				49EABB642A122DE700D266CF /* Products */,
			);
			sourceTree = "<group>";
		};
		49EABB642A122DE700D266CF /* Products */ = {
			isa = PBXGroup;
			children = (
				49EABB632A122DE700D266CF /* GenericCombineNetworkRequest.app */,
				49EABB742A122DE900D266CF /* GenericCombineNetworkRequestTests.xctest */,
				49EABB7E2A122DE900D266CF /* GenericCombineNetworkRequestUITests.xctest */,
			);
			name = Products;
			sourceTree = "<group>";
		};
		49EABB652A122DE700D266CF /* GenericCombineNetworkRequest */ = {
			isa = PBXGroup;
			children = (
				49EABB662A122DE700D266CF /* GenericCombineNetworkRequestApp.swift */,
				49EABB682A122DE700D266CF /* ContentView.swift */,
				49EABB6A2A122DE900D266CF /* Assets.xcassets */,
				49EABB6C2A122DE900D266CF /* GenericCombineNetworkRequest.entitlements */,
				49EABB6D2A122DE900D266CF /* Preview Content */,
			);
			path = GenericCombineNetworkRequest;
			sourceTree = "<group>";
		};
		49EABB6D2A122DE900D266CF /* Preview Content */ = {
			isa = PBXGroup;
			children = (
				49EABB6E2A122DE900D266CF /* Preview Assets.xcassets */,
			);
			path = "Preview Content";
			sourceTree = "<group>";
		};
		49EABB772A122DE900D266CF /* GenericCombineNetworkRequestTests */ = {
			isa = PBXGroup;
			children = (
				49EABB782A122DE900D266CF /* GenericCombineNetworkRequestTests.swift */,
			);
			path = GenericCombineNetworkRequestTests;
			sourceTree = "<group>";
		};
		49EABB812A122DE900D266CF /* GenericCombineNetworkRequestUITests */ = {
			isa = PBXGroup;
			children = (
				49EABB822A122DE900D266CF /* GenericCombineNetworkRequestUITests.swift */,
				49EABB842A122DEA00D266CF /* GenericCombineNetworkRequestUITestsLaunchTests.swift */,
			);
			path = GenericCombineNetworkRequestUITests;
			sourceTree = "<group>";
		};
/* End PBXGroup section */

/* Begin PBXNativeTarget section */
		49EABB622A122DE700D266CF /* GenericCombineNetworkRequest */ = {
			isa = PBXNativeTarget;
			buildConfigurationList = 49EABB882A122DEA00D266CF /* Build configuration list for PBXNativeTarget "GenericCombineNetworkRequest" */;
			buildPhases = (
				49EABB5F2A122DE700D266CF /* Sources */,
				49EABB602A122DE700D266CF /* Frameworks */,
				49EABB612A122DE700D266CF /* Resources */,
			);
			buildRules = (
			);
			dependencies = (
			);
			name = GenericCombineNetworkRequest;
			productName = GenericCombineNetworkRequest;
			productReference = 49EABB632A122DE700D266CF /* GenericCombineNetworkRequest.app */;
			productType = "com.apple.product-type.application";
		};
		49EABB732A122DE900D266CF /* GenericCombineNetworkRequestTests */ = {
			isa = PBXNativeTarget;
			buildConfigurationList = 49EABB8B2A122DEA00D266CF /* Build configuration list for PBXNativeTarget "GenericCombineNetworkRequestTests" */;
			buildPhases = (
				49EABB702A122DE900D266CF /* Sources */,
				49EABB712A122DE900D266CF /* Frameworks */,
				49EABB722A122DE900D266CF /* Resources */,
			);
			buildRules = (
			);
			dependencies = (
				49EABB762A122DE900D266CF /* PBXTargetDependency */,
			);
			name = GenericCombineNetworkRequestTests;
			productName = GenericCombineNetworkRequestTests;
			productReference = 49EABB742A122DE900D266CF /* GenericCombineNetworkRequestTests.xctest */;
			productType = "com.apple.product-type.bundle.unit-test";
		};
		49EABB7D2A122DE900D266CF /* GenericCombineNetworkRequestUITests */ = {
			isa = PBXNativeTarget;
			buildConfigurationList = 49EABB8E2A122DEA00D266CF /* Build configuration list for PBXNativeTarget "GenericCombineNetworkRequestUITests" */;
			buildPhases = (
				49EABB7A2A122DE900D266CF /* Sources */,
				49EABB7B2A122DE900D266CF /* Frameworks */,
				49EABB7C2A122DE900D266CF /* Resources */,
			);
			buildRules = (
			);
			dependencies = (
				49EABB802A122DE900D266CF /* PBXTargetDependency */,
			);
			name = GenericCombineNetworkRequestUITests;
			productName = GenericCombineNetworkRequestUITests;
			productReference = 49EABB7E2A122DE900D266CF /* GenericCombineNetworkRequestUITests.xctest */;
			productType = "com.apple.product-type.bundle.ui-testing";
		};
/* End PBXNativeTarget section */

/* Begin PBXProject section */
		49EABB5B2A122DE700D266CF /* Project object */ = {
			isa = PBXProject;
			attributes = {
				BuildIndependentTargetsInParallel = 1;
				LastSwiftUpdateCheck = 1430;
				LastUpgradeCheck = 1430;
				TargetAttributes = {
					49EABB622A122DE700D266CF = {
						CreatedOnToolsVersion = 14.3;
					};
					49EABB732A122DE900D266CF = {
						CreatedOnToolsVersion = 14.3;
						TestTargetID = 49EABB622A122DE700D266CF;
					};
					49EABB7D2A122DE900D266CF = {
						CreatedOnToolsVersion = 14.3;
						TestTargetID = 49EABB622A122DE700D266CF;
					};
				};
			};
			buildConfigurationList = 49EABB5E2A122DE700D266CF /* Build configuration list for PBXProject "GenericCombineNetworkRequest" */;
			compatibilityVersion = "Xcode 14.0";
			developmentRegion = en;
			hasScannedForEncodings = 0;
			knownRegions = (
				en,
				Base,
			);
			mainGroup = 49EABB5A2A122DE700D266CF;
			productRefGroup = 49EABB642A122DE700D266CF /* Products */;
			projectDirPath = "";
			projectRoot = "";
			targets = (
				49EABB622A122DE700D266CF /* GenericCombineNetworkRequest */,
				49EABB732A122DE900D266CF /* GenericCombineNetworkRequestTests */,
				49EABB7D2A122DE900D266CF /* GenericCombineNetworkRequestUITests */,
			);
		};
/* End PBXProject section */

/* Begin PBXResourcesBuildPhase section */
		49EABB612A122DE700D266CF /* Resources */ = {
			isa = PBXResourcesBuildPhase;
			buildActionMask = 2147483647;
			files = (
				49EABB6F2A122DE900D266CF /* Preview Assets.xcassets in Resources */,
				49EABB6B2A122DE900D266CF /* Assets.xcassets in Resources */,
			);
			runOnlyForDeploymentPostprocessing = 0;
		};
		49EABB722A122DE900D266CF /* Resources */ = {
			isa = PBXResourcesBuildPhase;
			buildActionMask = 2147483647;
			files = (
			);
			runOnlyForDeploymentPostprocessing = 0;
		};
		49EABB7C2A122DE900D266CF /* Resources */ = {
			isa = PBXResourcesBuildPhase;
			buildActionMask = 2147483647;
			files = (
			);
			runOnlyForDeploymentPostprocessing = 0;
		};
/* End PBXResourcesBuildPhase section */

/* Begin PBXSourcesBuildPhase section */
		49EABB5F2A122DE700D266CF /* Sources */ = {
			isa = PBXSourcesBuildPhase;
			buildActionMask = 2147483647;
			files = (
				49EABB692A122DE700D266CF /* ContentView.swift in Sources */,
				49EABB672A122DE700D266CF /* GenericCombineNetworkRequestApp.swift in Sources */,
			);
			runOnlyForDeploymentPostprocessing = 0;
		};
		49EABB702A122DE900D266CF /* Sources */ = {
			isa = PBXSourcesBuildPhase;
			buildActionMask = 2147483647;
			files = (
				49EABB792A122DE900D266CF /* GenericCombineNetworkRequestTests.swift in Sources */,
			);
			runOnlyForDeploymentPostprocessing = 0;
		};
		49EABB7A2A122DE900D266CF /* Sources */ = {
			isa = PBXSourcesBuildPhase;
			buildActionMask = 2147483647;
			files = (
				49EABB832A122DE900D266CF /* GenericCombineNetworkRequestUITests.swift in Sources */,
				49EABB852A122DEA00D266CF /* GenericCombineNetworkRequestUITestsLaunchTests.swift in Sources */,
			);
			runOnlyForDeploymentPostprocessing = 0;
		};
/* End PBXSourcesBuildPhase section */

/* Begin PBXTargetDependency section */
		49EABB762A122DE900D266CF /* PBXTargetDependency */ = {
			isa = PBXTargetDependency;
			target = 49EABB622A122DE700D266CF /* GenericCombineNetworkRequest */;
			targetProxy = 49EABB752A122DE900D266CF /* PBXContainerItemProxy */;
		};
		49EABB802A122DE900D266CF /* PBXTargetDependency */ = {
			isa = PBXTargetDependency;
			target = 49EABB622A122DE700D266CF /* GenericCombineNetworkRequest */;
			targetProxy = 49EABB7F2A122DE900D266CF /* PBXContainerItemProxy */;
		};
/* End PBXTargetDependency section */

/* Begin XCBuildConfiguration section */
		49EABB862A122DEA00D266CF /* Debug */ = {
			isa = XCBuildConfiguration;
			buildSettings = {
				ALWAYS_SEARCH_USER_PATHS = NO;
				CLANG_ANALYZER_NONNULL = YES;
				CLANG_ANALYZER_NUMBER_OBJECT_CONVERSION = YES_AGGRESSIVE;
				CLANG_CXX_LANGUAGE_STANDARD = "gnu++20";
				CLANG_ENABLE_MODULES = YES;
				CLANG_ENABLE_OBJC_ARC = YES;
				CLANG_ENABLE_OBJC_WEAK = YES;
				CLANG_WARN_BLOCK_CAPTURE_AUTORELEASING = YES;
				CLANG_WARN_BOOL_CONVERSION = YES;
				CLANG_WARN_COMMA = YES;
				CLANG_WARN_CONSTANT_CONVERSION = YES;
				CLANG_WARN_DEPRECATED_OBJC_IMPLEMENTATIONS = YES;
				CLANG_WARN_DIRECT_OBJC_ISA_USAGE = YES_ERROR;
				CLANG_WARN_DOCUMENTATION_COMMENTS = YES;
				CLANG_WARN_EMPTY_BODY = YES;
				CLANG_WARN_ENUM_CONVERSION = YES;
				CLANG_WARN_INFINITE_RECURSION = YES;
				CLANG_WARN_INT_CONVERSION = YES;
				CLANG_WARN_NON_LITERAL_NULL_CONVERSION = YES;
				CLANG_WARN_OBJC_IMPLICIT_RETAIN_SELF = YES;
				CLANG_WARN_OBJC_LITERAL_CONVERSION = YES;
				CLANG_WARN_OBJC_ROOT_CLASS = YES_ERROR;
				CLANG_WARN_QUOTED_INCLUDE_IN_FRAMEWORK_HEADER = YES;
				CLANG_WARN_RANGE_LOOP_ANALYSIS = YES;
				CLANG_WARN_STRICT_PROTOTYPES = YES;
				CLANG_WARN_SUSPICIOUS_MOVE = YES;
				CLANG_WARN_UNGUARDED_AVAILABILITY = YES_AGGRESSIVE;
				CLANG_WARN_UNREACHABLE_CODE = YES;
				CLANG_WARN__DUPLICATE_METHOD_MATCH = YES;
				COPY_PHASE_STRIP = NO;
				DEBUG_INFORMATION_FORMAT = dwarf;
				ENABLE_STRICT_OBJC_MSGSEND = YES;
				ENABLE_TESTABILITY = YES;
				GCC_C_LANGUAGE_STANDARD = gnu11;
				GCC_DYNAMIC_NO_PIC = NO;
				GCC_NO_COMMON_BLOCKS = YES;
				GCC_OPTIMIZATION_LEVEL = 0;
				GCC_PREPROCESSOR_DEFINITIONS = (
					"DEBUG=1",
					"$(inherited)",
				);
				GCC_WARN_64_TO_32_BIT_CONVERSION = YES;
				GCC_WARN_ABOUT_RETURN_TYPE = YES_ERROR;
				GCC_WARN_UNDECLARED_SELECTOR = YES;
				GCC_WARN_UNINITIALIZED_AUTOS = YES_AGGRESSIVE;
				GCC_WARN_UNUSED_FUNCTION = YES;
				GCC_WARN_UNUSED_VARIABLE = YES;
				MTL_ENABLE_DEBUG_INFO = INCLUDE_SOURCE;
				MTL_FAST_MATH = YES;
				ONLY_ACTIVE_ARCH = YES;
				SWIFT_ACTIVE_COMPILATION_CONDITIONS = DEBUG;
				SWIFT_OPTIMIZATION_LEVEL = "-Onone";
			};
			name = Debug;
		};
		49EABB872A122DEA00D266CF /* Release */ = {
			isa = XCBuildConfiguration;
			buildSettings = {
				ALWAYS_SEARCH_USER_PATHS = NO;
				CLANG_ANALYZER_NONNULL = YES;
				CLANG_ANALYZER_NUMBER_OBJECT_CONVERSION = YES_AGGRESSIVE;
				CLANG_CXX_LANGUAGE_STANDARD = "gnu++20";
				CLANG_ENABLE_MODULES = YES;
				CLANG_ENABLE_OBJC_ARC = YES;
				CLANG_ENABLE_OBJC_WEAK = YES;
				CLANG_WARN_BLOCK_CAPTURE_AUTORELEASING = YES;
				CLANG_WARN_BOOL_CONVERSION = YES;
				CLANG_WARN_COMMA = YES;
				CLANG_WARN_CONSTANT_CONVERSION = YES;
				CLANG_WARN_DEPRECATED_OBJC_IMPLEMENTATIONS = YES;
				CLANG_WARN_DIRECT_OBJC_ISA_USAGE = YES_ERROR;
				CLANG_WARN_DOCUMENTATION_COMMENTS = YES;
				CLANG_WARN_EMPTY_BODY = YES;
				CLANG_WARN_ENUM_CONVERSION = YES;
				CLANG_WARN_INFINITE_RECURSION = YES;
				CLANG_WARN_INT_CONVERSION = YES;
				CLANG_WARN_NON_LITERAL_NULL_CONVERSION = YES;
				CLANG_WARN_OBJC_IMPLICIT_RETAIN_SELF = YES;
				CLANG_WARN_OBJC_LITERAL_CONVERSION = YES;
				CLANG_WARN_OBJC_ROOT_CLASS = YES_ERROR;
				CLANG_WARN_QUOTED_INCLUDE_IN_FRAMEWORK_HEADER = YES;
				CLANG_WARN_RANGE_LOOP_ANALYSIS = YES;
				CLANG_WARN_STRICT_PROTOTYPES = YES;
				CLANG_WARN_SUSPICIOUS_MOVE = YES;
				CLANG_WARN_UNGUARDED_AVAILABILITY = YES_AGGRESSIVE;
				CLANG_WARN_UNREACHABLE_CODE = YES;
				CLANG_WARN__DUPLICATE_METHOD_MATCH = YES;
				COPY_PHASE_STRIP = NO;
				DEBUG_INFORMATION_FORMAT = "dwarf-with-dsym";
				ENABLE_NS_ASSERTIONS = NO;
				ENABLE_STRICT_OBJC_MSGSEND = YES;
				GCC_C_LANGUAGE_STANDARD = gnu11;
				GCC_NO_COMMON_BLOCKS = YES;
				GCC_WARN_64_TO_32_BIT_CONVERSION = YES;
				GCC_WARN_ABOUT_RETURN_TYPE = YES_ERROR;
				GCC_WARN_UNDECLARED_SELECTOR = YES;
				GCC_WARN_UNINITIALIZED_AUTOS = YES_AGGRESSIVE;
				GCC_WARN_UNUSED_FUNCTION = YES;
				GCC_WARN_UNUSED_VARIABLE = YES;
				MTL_ENABLE_DEBUG_INFO = NO;
				MTL_FAST_MATH = YES;
				SWIFT_COMPILATION_MODE = wholemodule;
				SWIFT_OPTIMIZATION_LEVEL = "-O";
			};
			name = Release;
		};
		49EABB892A122DEA00D266CF /* Debug */ = {
			isa = XCBuildConfiguration;
			buildSettings = {
				ASSETCATALOG_COMPILER_APPICON_NAME = AppIcon;
				ASSETCATALOG_COMPILER_GLOBAL_ACCENT_COLOR_NAME = AccentColor;
				CODE_SIGN_ENTITLEMENTS = GenericCombineNetworkRequest/GenericCombineNetworkRequest.entitlements;
				CODE_SIGN_STYLE = Automatic;
				CURRENT_PROJECT_VERSION = 1;
				DEVELOPMENT_ASSET_PATHS = "\"GenericCombineNetworkRequest/Preview Content\"";
				DEVELOPMENT_TEAM = R85N7Z4DTZ;
				ENABLE_HARDENED_RUNTIME = YES;
				ENABLE_PREVIEWS = YES;
				GENERATE_INFOPLIST_FILE = YES;
				"INFOPLIST_KEY_UIApplicationSceneManifest_Generation[sdk=iphoneos*]" = YES;
				"INFOPLIST_KEY_UIApplicationSceneManifest_Generation[sdk=iphonesimulator*]" = YES;
				"INFOPLIST_KEY_UIApplicationSupportsIndirectInputEvents[sdk=iphoneos*]" = YES;
				"INFOPLIST_KEY_UIApplicationSupportsIndirectInputEvents[sdk=iphonesimulator*]" = YES;
				"INFOPLIST_KEY_UILaunchScreen_Generation[sdk=iphoneos*]" = YES;
				"INFOPLIST_KEY_UILaunchScreen_Generation[sdk=iphonesimulator*]" = YES;
				"INFOPLIST_KEY_UIStatusBarStyle[sdk=iphoneos*]" = UIStatusBarStyleDefault;
				"INFOPLIST_KEY_UIStatusBarStyle[sdk=iphonesimulator*]" = UIStatusBarStyleDefault;
				INFOPLIST_KEY_UISupportedInterfaceOrientations_iPad = "UIInterfaceOrientationPortrait UIInterfaceOrientationPortraitUpsideDown UIInterfaceOrientationLandscapeLeft UIInterfaceOrientationLandscapeRight";
				INFOPLIST_KEY_UISupportedInterfaceOrientations_iPhone = "UIInterfaceOrientationPortrait UIInterfaceOrientationLandscapeLeft UIInterfaceOrientationLandscapeRight";
				IPHONEOS_DEPLOYMENT_TARGET = 16.4;
				LD_RUNPATH_SEARCH_PATHS = "@executable_path/Frameworks";
				"LD_RUNPATH_SEARCH_PATHS[sdk=macosx*]" = "@executable_path/../Frameworks";
				MACOSX_DEPLOYMENT_TARGET = 13.0;
				MARKETING_VERSION = 1.0;
				PRODUCT_BUNDLE_IDENTIFIER = multicommerce.GenericCombineNetworkRequest;
				PRODUCT_NAME = "$(TARGET_NAME)";
				SDKROOT = auto;
				SUPPORTED_PLATFORMS = "iphoneos iphonesimulator macosx";
				SWIFT_EMIT_LOC_STRINGS = YES;
				SWIFT_VERSION = 5.0;
				TARGETED_DEVICE_FAMILY = "1,2";
			};
			name = Debug;
		};
		49EABB8A2A122DEA00D266CF /* Release */ = {
			isa = XCBuildConfiguration;
			buildSettings = {
				ASSETCATALOG_COMPILER_APPICON_NAME = AppIcon;
				ASSETCATALOG_COMPILER_GLOBAL_ACCENT_COLOR_NAME = AccentColor;
				CODE_SIGN_ENTITLEMENTS = GenericCombineNetworkRequest/GenericCombineNetworkRequest.entitlements;
				CODE_SIGN_STYLE = Automatic;
				CURRENT_PROJECT_VERSION = 1;
				DEVELOPMENT_ASSET_PATHS = "\"GenericCombineNetworkRequest/Preview Content\"";
				DEVELOPMENT_TEAM = R85N7Z4DTZ;
				ENABLE_HARDENED_RUNTIME = YES;
				ENABLE_PREVIEWS = YES;
				GENERATE_INFOPLIST_FILE = YES;
				"INFOPLIST_KEY_UIApplicationSceneManifest_Generation[sdk=iphoneos*]" = YES;
				"INFOPLIST_KEY_UIApplicationSceneManifest_Generation[sdk=iphonesimulator*]" = YES;
				"INFOPLIST_KEY_UIApplicationSupportsIndirectInputEvents[sdk=iphoneos*]" = YES;
				"INFOPLIST_KEY_UIApplicationSupportsIndirectInputEvents[sdk=iphonesimulator*]" = YES;
				"INFOPLIST_KEY_UILaunchScreen_Generation[sdk=iphoneos*]" = YES;
				"INFOPLIST_KEY_UILaunchScreen_Generation[sdk=iphonesimulator*]" = YES;
				"INFOPLIST_KEY_UIStatusBarStyle[sdk=iphoneos*]" = UIStatusBarStyleDefault;
				"INFOPLIST_KEY_UIStatusBarStyle[sdk=iphonesimulator*]" = UIStatusBarStyleDefault;
				INFOPLIST_KEY_UISupportedInterfaceOrientations_iPad = "UIInterfaceOrientationPortrait UIInterfaceOrientationPortraitUpsideDown UIInterfaceOrientationLandscapeLeft UIInterfaceOrientationLandscapeRight";
				INFOPLIST_KEY_UISupportedInterfaceOrientations_iPhone = "UIInterfaceOrientationPortrait UIInterfaceOrientationLandscapeLeft UIInterfaceOrientationLandscapeRight";
				IPHONEOS_DEPLOYMENT_TARGET = 16.4;
				LD_RUNPATH_SEARCH_PATHS = "@executable_path/Frameworks";
				"LD_RUNPATH_SEARCH_PATHS[sdk=macosx*]" = "@executable_path/../Frameworks";
				MACOSX_DEPLOYMENT_TARGET = 13.0;
				MARKETING_VERSION = 1.0;
				PRODUCT_BUNDLE_IDENTIFIER = multicommerce.GenericCombineNetworkRequest;
				PRODUCT_NAME = "$(TARGET_NAME)";
				SDKROOT = auto;
				SUPPORTED_PLATFORMS = "iphoneos iphonesimulator macosx";
				SWIFT_EMIT_LOC_STRINGS = YES;
				SWIFT_VERSION = 5.0;
				TARGETED_DEVICE_FAMILY = "1,2";
			};
			name = Release;
		};
		49EABB8C2A122DEA00D266CF /* Debug */ = {
			isa = XCBuildConfiguration;
			buildSettings = {
				ALWAYS_EMBED_SWIFT_STANDARD_LIBRARIES = YES;
				BUNDLE_LOADER = "$(TEST_HOST)";
				CODE_SIGN_STYLE = Automatic;
				CURRENT_PROJECT_VERSION = 1;
				DEVELOPMENT_TEAM = R85N7Z4DTZ;
				GENERATE_INFOPLIST_FILE = YES;
				IPHONEOS_DEPLOYMENT_TARGET = 16.4;
				MACOSX_DEPLOYMENT_TARGET = 13.0;
				MARKETING_VERSION = 1.0;
				PRODUCT_BUNDLE_IDENTIFIER = multicommerce.GenericCombineNetworkRequestTests;
				PRODUCT_NAME = "$(TARGET_NAME)";
				SDKROOT = auto;
				SUPPORTED_PLATFORMS = "iphoneos iphonesimulator macosx";
				SWIFT_EMIT_LOC_STRINGS = NO;
				SWIFT_VERSION = 5.0;
				TARGETED_DEVICE_FAMILY = "1,2";
				TEST_HOST = "$(BUILT_PRODUCTS_DIR)/GenericCombineNetworkRequest.app/$(BUNDLE_EXECUTABLE_FOLDER_PATH)/GenericCombineNetworkRequest";
			};
			name = Debug;
		};
		49EABB8D2A122DEA00D266CF /* Release */ = {
			isa = XCBuildConfiguration;
			buildSettings = {
				ALWAYS_EMBED_SWIFT_STANDARD_LIBRARIES = YES;
				BUNDLE_LOADER = "$(TEST_HOST)";
				CODE_SIGN_STYLE = Automatic;
				CURRENT_PROJECT_VERSION = 1;
				DEVELOPMENT_TEAM = R85N7Z4DTZ;
				GENERATE_INFOPLIST_FILE = YES;
				IPHONEOS_DEPLOYMENT_TARGET = 16.4;
				MACOSX_DEPLOYMENT_TARGET = 13.0;
				MARKETING_VERSION = 1.0;
				PRODUCT_BUNDLE_IDENTIFIER = multicommerce.GenericCombineNetworkRequestTests;
				PRODUCT_NAME = "$(TARGET_NAME)";
				SDKROOT = auto;
				SUPPORTED_PLATFORMS = "iphoneos iphonesimulator macosx";
				SWIFT_EMIT_LOC_STRINGS = NO;
				SWIFT_VERSION = 5.0;
				TARGETED_DEVICE_FAMILY = "1,2";
				TEST_HOST = "$(BUILT_PRODUCTS_DIR)/GenericCombineNetworkRequest.app/$(BUNDLE_EXECUTABLE_FOLDER_PATH)/GenericCombineNetworkRequest";
			};
			name = Release;
		};
		49EABB8F2A122DEA00D266CF /* Debug */ = {
			isa = XCBuildConfiguration;
			buildSettings = {
				ALWAYS_EMBED_SWIFT_STANDARD_LIBRARIES = YES;
				CODE_SIGN_STYLE = Automatic;
				CURRENT_PROJECT_VERSION = 1;
				DEVELOPMENT_TEAM = R85N7Z4DTZ;
				GENERATE_INFOPLIST_FILE = YES;
				IPHONEOS_DEPLOYMENT_TARGET = 16.4;
				MACOSX_DEPLOYMENT_TARGET = 13.0;
				MARKETING_VERSION = 1.0;
				PRODUCT_BUNDLE_IDENTIFIER = multicommerce.GenericCombineNetworkRequestUITests;
				PRODUCT_NAME = "$(TARGET_NAME)";
				SDKROOT = auto;
				SUPPORTED_PLATFORMS = "iphoneos iphonesimulator macosx";
				SWIFT_EMIT_LOC_STRINGS = NO;
				SWIFT_VERSION = 5.0;
				TARGETED_DEVICE_FAMILY = "1,2";
				TEST_TARGET_NAME = GenericCombineNetworkRequest;
			};
			name = Debug;
		};
		49EABB902A122DEA00D266CF /* Release */ = {
			isa = XCBuildConfiguration;
			buildSettings = {
				ALWAYS_EMBED_SWIFT_STANDARD_LIBRARIES = YES;
				CODE_SIGN_STYLE = Automatic;
				CURRENT_PROJECT_VERSION = 1;
				DEVELOPMENT_TEAM = R85N7Z4DTZ;
				GENERATE_INFOPLIST_FILE = YES;
				IPHONEOS_DEPLOYMENT_TARGET = 16.4;
				MACOSX_DEPLOYMENT_TARGET = 13.0;
				MARKETING_VERSION = 1.0;
				PRODUCT_BUNDLE_IDENTIFIER = multicommerce.GenericCombineNetworkRequestUITests;
				PRODUCT_NAME = "$(TARGET_NAME)";
				SDKROOT = auto;
				SUPPORTED_PLATFORMS = "iphoneos iphonesimulator macosx";
				SWIFT_EMIT_LOC_STRINGS = NO;
				SWIFT_VERSION = 5.0;
				TARGETED_DEVICE_FAMILY = "1,2";
				TEST_TARGET_NAME = GenericCombineNetworkRequest;
			};
			name = Release;
		};
/* End XCBuildConfiguration section */

/* Begin XCConfigurationList section */
		49EABB5E2A122DE700D266CF /* Build configuration list for PBXProject "GenericCombineNetworkRequest" */ = {
			isa = XCConfigurationList;
			buildConfigurations = (
				49EABB862A122DEA00D266CF /* Debug */,
				49EABB872A122DEA00D266CF /* Release */,
			);
			defaultConfigurationIsVisible = 0;
			defaultConfigurationName = Release;
		};
		49EABB882A122DEA00D266CF /* Build configuration list for PBXNativeTarget "GenericCombineNetworkRequest" */ = {
			isa = XCConfigurationList;
			buildConfigurations = (
				49EABB892A122DEA00D266CF /* Debug */,
				49EABB8A2A122DEA00D266CF /* Release */,
			);
			defaultConfigurationIsVisible = 0;
			defaultConfigurationName = Release;
		};
		49EABB8B2A122DEA00D266CF /* Build configuration list for PBXNativeTarget "GenericCombineNetworkRequestTests" */ = {
			isa = XCConfigurationList;
			buildConfigurations = (
				49EABB8C2A122DEA00D266CF /* Debug */,
				49EABB8D2A122DEA00D266CF /* Release */,
			);
			defaultConfigurationIsVisible = 0;
			defaultConfigurationName = Release;
		};
		49EABB8E2A122DEA00D266CF /* Build configuration list for PBXNativeTarget "GenericCombineNetworkRequestUITests" */ = {
			isa = XCConfigurationList;
			buildConfigurations = (
				49EABB8F2A122DEA00D266CF /* Debug */,
				49EABB902A122DEA00D266CF /* Release */,
			);
			defaultConfigurationIsVisible = 0;
			defaultConfigurationName = Release;
		};
/* End XCConfigurationList section */
	};
	rootObject = 49EABB5B2A122DE700D266CF /* Project object */;
}
